
Microsoft Visual Studio Solution File, Format Version 12.00
# Visual Studio 14
VisualStudioVersion = 14.0.22823.1
MinimumVisualStudioVersion = 10.0.40219.1
Project("{FAE04EC0-301F-11D3-BF4B-00C04F79EFBC}") = "jcPIOL.PCL", "jcPIOL.PCL\jcPIOL.PCL.csproj", "{6BD37B38-D6B0-4AD2-9D32-88DA09AAFA43}"
EndProject
Global
	GlobalSection(SolutionConfigurationPlatforms) = preSolution
		Debug|Any CPU = Debug|Any CPU
		Release|Any CPU = Release|Any CPU
	EndGlobalSection
	GlobalSection(ProjectConfigurationPlatforms) = postSolution
		{6BD37B38-D6B0-4AD2-9D32-88DA09AAFA43}.Debug|Any CPU.ActiveCfg = Debug|Any CPU
		{6BD37B38-D6B0-4AD2-9D32-88DA09AAFA43}.Debug|Any CPU.Build.0 = Debug|Any CPU
		{6BD37B38-D6B0-4AD2-9D32-88DA09AAFA43}.Release|Any CPU.ActiveCfg = Release|Any CPU
		{6BD37B38-D6B0-4AD2-9D32-88DA09AAFA43}.Release|Any CPU.Build.0 = Release|Any CPU
	EndGlobalSection
	GlobalSection(SolutionProperties) = preSolution
		HideSolutionNode = FALSE
	EndGlobalSection
EndGlobal
